
Microsoft Visual Studio Solution File, Format Version 12.00
# Visual Studio Version 16
VisualStudioVersion = 16.0.28803.352
MinimumVisualStudioVersion = 10.0.40219.1
Project("{FAE04EC0-301F-11D3-BF4B-00C04F79EFBC}") = "RockPaperScissorsGame", "RockPaperScissorsGame\RockPaperScissorsGame.csproj", "{EDB25322-77EE-49FC-8ADD-881A5AFB023A}"
EndProject
Global
	GlobalSection(SolutionConfigurationPlatforms) = preSolution
		Debug|Any CPU = Debug|Any CPU
		Release|Any CPU = Release|Any CPU
	EndGlobalSection
	GlobalSection(ProjectConfigurationPlatforms) = postSolution
		{EDB25322-77EE-49FC-8ADD-881A5AFB023A}.Debug|Any CPU.ActiveCfg = Debug|Any CPU
		{EDB25322-77EE-49FC-8ADD-881A5AFB023A}.Debug|Any CPU.Build.0 = Debug|Any CPU
		{EDB25322-77EE-49FC-8ADD-881A5AFB023A}.Release|Any CPU.ActiveCfg = Release|Any CPU
		{EDB25322-77EE-49FC-8ADD-881A5AFB023A}.Release|Any CPU.Build.0 = Release|Any CPU
	EndGlobalSection
	GlobalSection(SolutionProperties) = preSolution
		HideSolutionNode = FALSE
	EndGlobalSection
	GlobalSection(ExtensibilityGlobals) = postSolution
		SolutionGuid = {EFBBB7D3-B559-4664-94CB-2CBE34EF942B}
	EndGlobalSection
EndGlobal
